
Microsoft Visual Studio Solution File, Format Version 12.00
# Visual Studio 15
VisualStudioVersion = 15.0.28010.2019
MinimumVisualStudioVersion = 10.0.40219.1
Project("{FAE04EC0-301F-11D3-BF4B-00C04F79EFBC}") = "StockTraderRI", "StockTraderRI\StockTraderRI.csproj", "{02018440-AA36-4E82-9E76-FA15595A7EFB}"
	ProjectSection(ProjectDependencies) = postProject
		{9B28E65B-B192-4CAA-AC81-511423307919} = {9B28E65B-B192-4CAA-AC81-511423307919}
		{67DD0785-B55E-41BA-93A2-D4BBA31C6804} = {67DD0785-B55E-41BA-93A2-D4BBA31C6804}
		{8485748C-01C5-4598-AE18-FA8031529752} = {8485748C-01C5-4598-AE18-FA8031529752}
		{7DF2E2B7-9E12-4384-B2E9-E98F6324CB74} = {7DF2E2B7-9E12-4384-B2E9-E98F6324CB74}
		{167566C1-7F9E-4ABA-B245-2F59603966C7} = {167566C1-7F9E-4ABA-B245-2F59603966C7}
	EndProjectSection
EndProject
Project("{FAE04EC0-301F-11D3-BF4B-00C04F79EFBC}") = "StockTraderRI.Infrastructure", "StockTraderRI.Infrastructure\StockTraderRI.Infrastructure.csproj", "{7AC8182D-413B-4B6C-9D9C-5E62BA9799DA}"
EndProject
Project("{FAE04EC0-301F-11D3-BF4B-00C04F79EFBC}") = "StockTraderRI.Modules.Market", "StockTraderRI.Modules.Market\StockTraderRI.Modules.Market.csproj", "{8485748C-01C5-4598-AE18-FA8031529752}"
EndProject
Project("{FAE04EC0-301F-11D3-BF4B-00C04F79EFBC}") = "StockTraderRI.ChartControls", "StockTraderRI.ChartControls\StockTraderRI.ChartControls.csproj", "{9B28E65B-B192-4CAA-AC81-511423307919}"
EndProject
Project("{2150E333-8FDC-42A3-9474-1A3956D46DE8}") = "_StockTraderRI Common", "_StockTraderRI Common", "{33B9D74E-D4ED-4756-B5BB-24E3B7AA4EC3}"
EndProject
Project("{2150E333-8FDC-42A3-9474-1A3956D46DE8}") = "Modules", "Modules", "{37CB91C2-628E-48A1-84D5-9990AE9928B9}"
EndProject
Project("{FAE04EC0-301F-11D3-BF4B-00C04F79EFBC}") = "StockTraderRI.Modules.News", "StockTraderRI.Modules.News\StockTraderRI.Modules.News.csproj", "{7DF2E2B7-9E12-4384-B2E9-E98F6324CB74}"
EndProject
Project("{FAE04EC0-301F-11D3-BF4B-00C04F79EFBC}") = "StockTraderRI.Modules.Position", "StockTraderRI.Modules.Position\StockTraderRI.Modules.Position.csproj", "{167566C1-7F9E-4ABA-B245-2F59603966C7}"
EndProject
Project("{FAE04EC0-301F-11D3-BF4B-00C04F79EFBC}") = "StockTraderRI.Modules.Watch", "StockTraderRI.Modules.Watch\StockTraderRI.Modules.Watch.csproj", "{67DD0785-B55E-41BA-93A2-D4BBA31C6804}"
EndProject
Project("{2150E333-8FDC-42A3-9474-1A3956D46DE8}") = "Solution Items", "Solution Items", "{786E26B3-A3B2-4CFB-88CD-14EC9C5A1AC0}"
	ProjectSection(SolutionItems) = preProject
		DeleteBinAndObjFolder.bat = DeleteBinAndObjFolder.bat
		Master.build = Master.build
	EndProjectSection
EndProject
Project("{2150E333-8FDC-42A3-9474-1A3956D46DE8}") = "Setup", "Setup", "{2E642D9F-2070-4CE7-A8FD-2D46FF8E600E}"
EndProject
Project("{930C7802-8A8C-48F9-8165-68863BCCD9DD}") = "StockTraderRI.Setup", "StockTraderRI.Setup\StockTraderRI.Setup.wixproj", "{A056B10D-06D6-4BCD-AEE7-BC4205339DEC}"
EndProject
Project("{930C7802-8A8C-48F9-8165-68863BCCD9DD}") = "StockTrader.Library", "StockTrader.Library\StockTrader.Library.wixproj", "{031ABA7B-5346-495F-9493-790A6BDB969F}"
EndProject
Global
	GlobalSection(SolutionConfigurationPlatforms) = preSolution
		Debug|Any CPU = Debug|Any CPU
		Debug|x86 = Debug|x86
		Release|Any CPU = Release|Any CPU
		Release|x86 = Release|x86
	EndGlobalSection
	GlobalSection(ProjectConfigurationPlatforms) = postSolution
		{02018440-AA36-4E82-9E76-FA15595A7EFB}.Debug|Any CPU.ActiveCfg = Debug|Any CPU
		{02018440-AA36-4E82-9E76-FA15595A7EFB}.Debug|Any CPU.Build.0 = Debug|Any CPU
		{02018440-AA36-4E82-9E76-FA15595A7EFB}.Debug|x86.ActiveCfg = Debug|Any CPU
		{02018440-AA36-4E82-9E76-FA15595A7EFB}.Debug|x86.Build.0 = Debug|Any CPU
		{02018440-AA36-4E82-9E76-FA15595A7EFB}.Release|Any CPU.ActiveCfg = Release|Any CPU
		{02018440-AA36-4E82-9E76-FA15595A7EFB}.Release|Any CPU.Build.0 = Release|Any CPU
		{02018440-AA36-4E82-9E76-FA15595A7EFB}.Release|x86.ActiveCfg = Release|Any CPU
		{02018440-AA36-4E82-9E76-FA15595A7EFB}.Release|x86.Build.0 = Release|Any CPU
		{7AC8182D-413B-4B6C-9D9C-5E62BA9799DA}.Debug|Any CPU.ActiveCfg = Debug|Any CPU
		{7AC8182D-413B-4B6C-9D9C-5E62BA9799DA}.Debug|Any CPU.Build.0 = Debug|Any CPU
		{7AC8182D-413B-4B6C-9D9C-5E62BA9799DA}.Debug|x86.ActiveCfg = Debug|Any CPU
		{7AC8182D-413B-4B6C-9D9C-5E62BA9799DA}.Debug|x86.Build.0 = Debug|Any CPU
		{7AC8182D-413B-4B6C-9D9C-5E62BA9799DA}.Release|Any CPU.ActiveCfg = Release|Any CPU
		{7AC8182D-413B-4B6C-9D9C-5E62BA9799DA}.Release|Any CPU.Build.0 = Release|Any CPU
		{7AC8182D-413B-4B6C-9D9C-5E62BA9799DA}.Release|x86.ActiveCfg = Release|Any CPU
		{7AC8182D-413B-4B6C-9D9C-5E62BA9799DA}.Release|x86.Build.0 = Release|Any CPU
		{8485748C-01C5-4598-AE18-FA8031529752}.Debug|Any CPU.ActiveCfg = Debug|Any CPU
		{8485748C-01C5-4598-AE18-FA8031529752}.Debug|Any CPU.Build.0 = Debug|Any CPU
		{8485748C-01C5-4598-AE18-FA8031529752}.Debug|x86.ActiveCfg = Debug|Any CPU
		{8485748C-01C5-4598-AE18-FA8031529752}.Debug|x86.Build.0 = Debug|Any CPU
		{8485748C-01C5-4598-AE18-FA8031529752}.Release|Any CPU.ActiveCfg = Release|Any CPU
		{8485748C-01C5-4598-AE18-FA8031529752}.Release|Any CPU.Build.0 = Release|Any CPU
		{8485748C-01C5-4598-AE18-FA8031529752}.Release|x86.ActiveCfg = Release|Any CPU
		{8485748C-01C5-4598-AE18-FA8031529752}.Release|x86.Build.0 = Release|Any CPU
		{9B28E65B-B192-4CAA-AC81-511423307919}.Debug|Any CPU.ActiveCfg = Debug|Any CPU
		{9B28E65B-B192-4CAA-AC81-511423307919}.Debug|Any CPU.Build.0 = Debug|Any CPU
		{9B28E65B-B192-4CAA-AC81-511423307919}.Debug|x86.ActiveCfg = Debug|Any CPU
		{9B28E65B-B192-4CAA-AC81-511423307919}.Debug|x86.Build.0 = Debug|Any CPU
		{9B28E65B-B192-4CAA-AC81-511423307919}.Release|Any CPU.ActiveCfg = Release|Any CPU
		{9B28E65B-B192-4CAA-AC81-511423307919}.Release|Any CPU.Build.0 = Release|Any CPU
		{9B28E65B-B192-4CAA-AC81-511423307919}.Release|x86.ActiveCfg = Release|Any CPU
		{9B28E65B-B192-4CAA-AC81-511423307919}.Release|x86.Build.0 = Release|Any CPU
		{7DF2E2B7-9E12-4384-B2E9-E98F6324CB74}.Debug|Any CPU.ActiveCfg = Debug|Any CPU
		{7DF2E2B7-9E12-4384-B2E9-E98F6324CB74}.Debug|Any CPU.Build.0 = Debug|Any CPU
		{7DF2E2B7-9E12-4384-B2E9-E98F6324CB74}.Debug|x86.ActiveCfg = Debug|Any CPU
		{7DF2E2B7-9E12-4384-B2E9-E98F6324CB74}.Debug|x86.Build.0 = Debug|Any CPU
		{7DF2E2B7-9E12-4384-B2E9-E98F6324CB74}.Release|Any CPU.ActiveCfg = Release|Any CPU
		{7DF2E2B7-9E12-4384-B2E9-E98F6324CB74}.Release|Any CPU.Build.0 = Release|Any CPU
		{7DF2E2B7-9E12-4384-B2E9-E98F6324CB74}.Release|x86.ActiveCfg = Release|Any CPU
		{7DF2E2B7-9E12-4384-B2E9-E98F6324CB74}.Release|x86.Build.0 = Release|Any CPU
		{167566C1-7F9E-4ABA-B245-2F59603966C7}.Debug|Any CPU.ActiveCfg = Debug|Any CPU
		{167566C1-7F9E-4ABA-B245-2F59603966C7}.Debug|Any CPU.Build.0 = Debug|Any CPU
		{167566C1-7F9E-4ABA-B245-2F59603966C7}.Debug|x86.ActiveCfg = Debug|Any CPU
		{167566C1-7F9E-4ABA-B245-2F59603966C7}.Debug|x86.Build.0 = Debug|Any CPU
		{167566C1-7F9E-4ABA-B245-2F59603966C7}.Release|Any CPU.ActiveCfg = Release|Any CPU
		{167566C1-7F9E-4ABA-B245-2F59603966C7}.Release|Any CPU.Build.0 = Release|Any CPU
		{167566C1-7F9E-4ABA-B245-2F59603966C7}.Release|x86.ActiveCfg = Release|Any CPU
		{167566C1-7F9E-4ABA-B245-2F59603966C7}.Release|x86.Build.0 = Release|Any CPU
		{67DD0785-B55E-41BA-93A2-D4BBA31C6804}.Debug|Any CPU.ActiveCfg = Debug|Any CPU
		{67DD0785-B55E-41BA-93A2-D4BBA31C6804}.Debug|Any CPU.Build.0 = Debug|Any CPU
		{67DD0785-B55E-41BA-93A2-D4BBA31C6804}.Debug|x86.ActiveCfg = Debug|Any CPU
		{67DD0785-B55E-41BA-93A2-D4BBA31C6804}.Debug|x86.Build.0 = Debug|Any CPU
		{67DD0785-B55E-41BA-93A2-D4BBA31C6804}.Release|Any CPU.ActiveCfg = Release|Any CPU
		{67DD0785-B55E-41BA-93A2-D4BBA31C6804}.Release|Any CPU.Build.0 = Release|Any CPU
		{67DD0785-B55E-41BA-93A2-D4BBA31C6804}.Release|x86.ActiveCfg = Release|Any CPU
		{67DD0785-B55E-41BA-93A2-D4BBA31C6804}.Release|x86.Build.0 = Release|Any CPU
		{A056B10D-06D6-4BCD-AEE7-BC4205339DEC}.Debug|Any CPU.ActiveCfg = Debug|x86
		{A056B10D-06D6-4BCD-AEE7-BC4205339DEC}.Debug|x86.ActiveCfg = Debug|x86
		{A056B10D-06D6-4BCD-AEE7-BC4205339DEC}.Debug|x86.Build.0 = Debug|x86
		{A056B10D-06D6-4BCD-AEE7-BC4205339DEC}.Release|Any CPU.ActiveCfg = Release|x86
		{A056B10D-06D6-4BCD-AEE7-BC4205339DEC}.Release|x86.ActiveCfg = Release|x86
		{A056B10D-06D6-4BCD-AEE7-BC4205339DEC}.Release|x86.Build.0 = Release|x86
		{031ABA7B-5346-495F-9493-790A6BDB969F}.Debug|Any CPU.ActiveCfg = Debug|x86
		{031ABA7B-5346-495F-9493-790A6BDB969F}.Debug|x86.ActiveCfg = Debug|x86
		{031ABA7B-5346-495F-9493-790A6BDB969F}.Debug|x86.Build.0 = Debug|x86
		{031ABA7B-5346-495F-9493-790A6BDB969F}.Release|Any CPU.ActiveCfg = Release|x86
		{031ABA7B-5346-495F-9493-790A6BDB969F}.Release|x86.ActiveCfg = Release|x86
		{031ABA7B-5346-495F-9493-790A6BDB969F}.Release|x86.Build.0 = Release|x86
	EndGlobalSection
	GlobalSection(SolutionProperties) = preSolution
		HideSolutionNode = FALSE
	EndGlobalSection
	GlobalSection(NestedProjects) = preSolution
		{7AC8182D-413B-4B6C-9D9C-5E62BA9799DA} = {33B9D74E-D4ED-4756-B5BB-24E3B7AA4EC3}
		{8485748C-01C5-4598-AE18-FA8031529752} = {37CB91C2-628E-48A1-84D5-9990AE9928B9}
		{9B28E65B-B192-4CAA-AC81-511423307919} = {33B9D74E-D4ED-4756-B5BB-24E3B7AA4EC3}
		{7DF2E2B7-9E12-4384-B2E9-E98F6324CB74} = {37CB91C2-628E-48A1-84D5-9990AE9928B9}
		{167566C1-7F9E-4ABA-B245-2F59603966C7} = {37CB91C2-628E-48A1-84D5-9990AE9928B9}
		{67DD0785-B55E-41BA-93A2-D4BBA31C6804} = {37CB91C2-628E-48A1-84D5-9990AE9928B9}
		{A056B10D-06D6-4BCD-AEE7-BC4205339DEC} = {2E642D9F-2070-4CE7-A8FD-2D46FF8E600E}
		{031ABA7B-5346-495F-9493-790A6BDB969F} = {2E642D9F-2070-4CE7-A8FD-2D46FF8E600E}
	EndGlobalSection
	GlobalSection(ExtensibilityGlobals) = postSolution
		SolutionGuid = {95554CB7-3595-4605-B955-021F5CB24B4E}
	EndGlobalSection
EndGlobal
